# @generated - this file is auto-generated by `mise lock` https://mise.en.dev/dev-tools/mise-lock.html

[[tools.git-cliff]]
version = "2.13.1"
backend = "aqua:orhun/git-cliff"

[tools.git-cliff."platforms.linux-arm64"]
checksum = "sha256:4054c124b926c117f3fa048939bc8be0a954f29f3b6f367627e8cb22c1971882"
url = "https://github.com/orhun/git-cliff/releases/download/v2.13.1/git-cliff-2.13.1-aarch64-unknown-linux-musl.tar.gz"

[tools.git-cliff."platforms.linux-arm64-musl"]
checksum = "sha256:4054c124b926c117f3fa048939bc8be0a954f29f3b6f367627e8cb22c1971882"
url = "https://github.com/orhun/git-cliff/releases/download/v2.13.1/git-cliff-2.13.1-aarch64-unknown-linux-musl.tar.gz"

[tools.git-cliff."platforms.linux-x64"]
checksum = "sha256:200d2535da6d9703f3bcc8a4d159c3b55eacdb01cf2148c55b3eee9dd04d5249"
url = "https://github.com/orhun/git-cliff/releases/download/v2.13.1/git-cliff-2.13.1-x86_64-unknown-linux-musl.tar.gz"

[tools.git-cliff."platforms.linux-x64-musl"]
checksum = "sha256:200d2535da6d9703f3bcc8a4d159c3b55eacdb01cf2148c55b3eee9dd04d5249"
url = "https://github.com/orhun/git-cliff/releases/download/v2.13.1/git-cliff-2.13.1-x86_64-unknown-linux-musl.tar.gz"

[tools.git-cliff."platforms.macos-arm64"]
checksum = "sha256:21547ae4a0421164070ab75c2522864ea5565858a011fabc5f583061b20f1226"
url = "https://github.com/orhun/git-cliff/releases/download/v2.13.1/git-cliff-2.13.1-aarch64-apple-darwin.tar.gz"

[tools.git-cliff."platforms.macos-x64"]
checksum = "sha256:6e60ae390d375cecb9d8008c49f0e724a8dfe40390b532ef5501e421d2cc8acb"
url = "https://github.com/orhun/git-cliff/releases/download/v2.13.1/git-cliff-2.13.1-x86_64-apple-darwin.tar.gz"

[tools.git-cliff."platforms.windows-x64"]
checksum = "sha256:3ae3a5549e85c7ad5b20192ebcfee4371269deca51255f6f2f2e051c6541f5ca"
url = "https://github.com/orhun/git-cliff/releases/download/v2.13.1/git-cliff-2.13.1-x86_64-pc-windows-msvc.zip"

[[tools.go]]
version = "1.26.3"
backend = "core:go"

[tools.go."platforms.linux-arm64"]
checksum = "sha256:9d89a3ea57d141c2b22d70083f2c8459ba3890f2d9e818e7e933b75614936565"
url = "https://dl.google.com/go/go1.26.3.linux-arm64.tar.gz"

[tools.go."platforms.linux-arm64-musl"]
checksum = "sha256:9d89a3ea57d141c2b22d70083f2c8459ba3890f2d9e818e7e933b75614936565"
url = "https://dl.google.com/go/go1.26.3.linux-arm64.tar.gz"

[tools.go."platforms.linux-x64"]
checksum = "sha256:2b2cfc7148493da5e73981bffbf3353af381d5f93e789c82c79aff64962eb556"
url = "https://dl.google.com/go/go1.26.3.linux-amd64.tar.gz"

[tools.go."platforms.linux-x64-musl"]
checksum = "sha256:2b2cfc7148493da5e73981bffbf3353af381d5f93e789c82c79aff64962eb556"
url = "https://dl.google.com/go/go1.26.3.linux-amd64.tar.gz"

[tools.go."platforms.macos-arm64"]
checksum = "sha256:875cf54a15311eee2c99b9dd67c68c4a49351d489ab622bf2cfd28c8f2078d3c"
url = "https://dl.google.com/go/go1.26.3.darwin-arm64.tar.gz"

[tools.go."platforms.macos-x64"]
checksum = "sha256:278d580b32e299fe4a9c990fcf2d02acfe538c7e551a6ee18f9c7164573d2c63"
url = "https://dl.google.com/go/go1.26.3.darwin-amd64.tar.gz"

[tools.go."platforms.windows-x64"]
checksum = "sha256:20d2ceafb4ed41b96b879010927b28bc92a5be57a7c1801ce365a9ca51d3224a"
url = "https://dl.google.com/go/go1.26.3.windows-amd64.zip"

[[tools.golangci-lint]]
version = "2.11.4"
backend = "aqua:golangci/golangci-lint"

[tools.golangci-lint."platforms.linux-arm64"]
checksum = "sha256:3bcfa2e6f3d32b2bf5cd75eaa876447507025e0303698633f722a05331988db4"
url = "https://github.com/golangci/golangci-lint/releases/download/v2.11.4/golangci-lint-2.11.4-linux-arm64.tar.gz"
provenance = "github-attestations"

[tools.golangci-lint."platforms.linux-arm64-musl"]
checksum = "sha256:3bcfa2e6f3d32b2bf5cd75eaa876447507025e0303698633f722a05331988db4"
url = "https://github.com/golangci/golangci-lint/releases/download/v2.11.4/golangci-lint-2.11.4-linux-arm64.tar.gz"
provenance = "github-attestations"

[tools.golangci-lint."platforms.linux-x64"]
checksum = "sha256:200c5b7503f67b59a6743ccf32133026c174e272b930ee79aa2aa6f37aca7ef1"
url = "https://github.com/golangci/golangci-lint/releases/download/v2.11.4/golangci-lint-2.11.4-linux-amd64.tar.gz"
provenance = "github-attestations"

[tools.golangci-lint."platforms.linux-x64-musl"]
checksum = "sha256:200c5b7503f67b59a6743ccf32133026c174e272b930ee79aa2aa6f37aca7ef1"
url = "https://github.com/golangci/golangci-lint/releases/download/v2.11.4/golangci-lint-2.11.4-linux-amd64.tar.gz"
provenance = "github-attestations"

[tools.golangci-lint."platforms.macos-arm64"]
checksum = "sha256:02db2a2dae8b26812e53b0688a6f617e3ef1f489790e829ea22862cf76945675"
url = "https://github.com/golangci/golangci-lint/releases/download/v2.11.4/golangci-lint-2.11.4-darwin-arm64.tar.gz"
provenance = "github-attestations"

[tools.golangci-lint."platforms.macos-x64"]
checksum = "sha256:c900d4048db75d1edfd550fd11cf6a9b3008e7caa8e119fcddbc700412d63e60"
url = "https://github.com/golangci/golangci-lint/releases/download/v2.11.4/golangci-lint-2.11.4-darwin-amd64.tar.gz"
provenance = "github-attestations"

[tools.golangci-lint."platforms.windows-x64"]
checksum = "sha256:4932cfca5e75bf60fe1c576edf459e5e809e6644664a068185d64b84af3fad9e"
url = "https://github.com/golangci/golangci-lint/releases/download/v2.11.4/golangci-lint-2.11.4-windows-amd64.zip"
provenance = "github-attestations"

[[tools.java]]
version = "temurin-21.0.11+10.0.LTS"
backend = "core:java"

[tools.java."platforms.linux-arm64"]
checksum = "sha256:8d498ec88e1c1989fab95c6784240ab92d011e29c54d20a3f9c324b13476f9ad"
url = "https://github.com/adoptium/temurin21-binaries/releases/download/jdk-21.0.11%2B10/OpenJDK21U-jdk_aarch64_linux_hotspot_21.0.11_10.tar.gz"

[tools.java."platforms.linux-arm64-musl"]
checksum = "sha256:c8d63598d1dc0a656033515ed258bd6db37506a05407d9f65cd23b95c21027b5"
url = "https://github.com/adoptium/temurin21-binaries/releases/download/jdk-21.0.11%2B10/OpenJDK21U-jdk_aarch64_alpine-linux_hotspot_21.0.11_10.tar.gz"

[tools.java."platforms.linux-x64"]
checksum = "sha256:4b2220e232a97997b436ca6ab15cbf70171ecff52958a46159dfa5a8c44ca4de"
url = "https://github.com/adoptium/temurin21-binaries/releases/download/jdk-21.0.11%2B10/OpenJDK21U-jdk_x64_linux_hotspot_21.0.11_10.tar.gz"

[tools.java."platforms.linux-x64-musl"]
checksum = "sha256:38bfdcef1e4b45de2ec222047ac79c76bea75d4d7406a310e26cfa236763f05f"
url = "https://github.com/adoptium/temurin21-binaries/releases/download/jdk-21.0.11%2B10/OpenJDK21U-jdk_x64_alpine-linux_hotspot_21.0.11_10.tar.gz"

[tools.java."platforms.macos-arm64"]
checksum = "sha256:6ebcf221c9b41507b14c098e93c6ead6440b8d9bd154f8ec666c4c73abbdb201"
url = "https://github.com/adoptium/temurin21-binaries/releases/download/jdk-21.0.11%2B10/OpenJDK21U-jdk_aarch64_mac_hotspot_21.0.11_10.tar.gz"

[tools.java."platforms.macos-x64"]
checksum = "sha256:34180eb03e6d207c388cce3da668f6cc7cd7508c185c24782fadac2c9c0e66f9"
url = "https://github.com/adoptium/temurin21-binaries/releases/download/jdk-21.0.11%2B10/OpenJDK21U-jdk_x64_mac_hotspot_21.0.11_10.tar.gz"

[tools.java."platforms.windows-x64"]
checksum = "sha256:d3625e7cadf23787ea540229544b6e2ab494b3b54da1801879e583e1dfee0a64"
url = "https://github.com/adoptium/temurin21-binaries/releases/download/jdk-21.0.11%2B10/OpenJDK21U-jdk_x64_windows_hotspot_21.0.11_10.zip"

[[tools.mkcert]]
version = "1.4.4"
backend = "aqua:FiloSottile/mkcert"

[tools.mkcert."platforms.linux-arm64"]
url = "https://github.com/FiloSottile/mkcert/releases/download/v1.4.4/mkcert-v1.4.4-linux-arm64"

[tools.mkcert."platforms.linux-arm64-musl"]
url = "https://github.com/FiloSottile/mkcert/releases/download/v1.4.4/mkcert-v1.4.4-linux-arm64"

[tools.mkcert."platforms.linux-x64"]
checksum = "blake3:2337bf318a54e40d6fb36ee89306f031fcecc00e02dad69afa2bc2b579959f80"
url = "https://github.com/FiloSottile/mkcert/releases/download/v1.4.4/mkcert-v1.4.4-linux-amd64"

[tools.mkcert."platforms.linux-x64-musl"]
url = "https://github.com/FiloSottile/mkcert/releases/download/v1.4.4/mkcert-v1.4.4-linux-amd64"

[tools.mkcert."platforms.macos-arm64"]
url = "https://github.com/FiloSottile/mkcert/releases/download/v1.4.4/mkcert-v1.4.4-darwin-arm64"

[tools.mkcert."platforms.macos-x64"]
url = "https://github.com/FiloSottile/mkcert/releases/download/v1.4.4/mkcert-v1.4.4-darwin-amd64"

[tools.mkcert."platforms.windows-x64"]
url = "https://github.com/FiloSottile/mkcert/releases/download/v1.4.4/mkcert-v1.4.4-windows-amd64.exe"

[[tools.node]]
version = "24.16.0"
backend = "core:node"

[tools.node."platforms.linux-arm64"]
checksum = "sha256:589f5b6dd4fcfee4dfda73013903c966abaa8abd93dbc9d436544e472b4f0e74"
url = "https://nodejs.org/dist/v24.16.0/node-v24.16.0-linux-arm64.tar.gz"

[tools.node."platforms.linux-arm64-musl"]
checksum = "sha256:85dde27aa73503b03dadfa0410a800067b4e3f702fb7fcaa3beaf284dfcc69e9"
url = "https://unofficial-builds.nodejs.org/download/release/v24.16.0/node-v24.16.0-linux-arm64-musl.tar.gz"

[tools.node."platforms.linux-x64"]
checksum = "sha256:2faf6a387e9b62b888e21c54f01249fb27537ffecf1842f29f4c919d0a59a0ff"
url = "https://nodejs.org/dist/v24.16.0/node-v24.16.0-linux-x64.tar.gz"

[tools.node."platforms.linux-x64-musl"]
checksum = "sha256:50df5d8d474892d4f7b906167df36f77f5b93908f63dc532dc568219cab65841"
url = "https://unofficial-builds.nodejs.org/download/release/v24.16.0/node-v24.16.0-linux-x64-musl.tar.gz"

[tools.node."platforms.macos-arm64"]
checksum = "sha256:39189dab4eeb15706c424af0ac08a3044c9e48f7db12a7d77f6b7aafc7dd5df6"
url = "https://nodejs.org/dist/v24.16.0/node-v24.16.0-darwin-arm64.tar.gz"

[tools.node."platforms.macos-x64"]
checksum = "sha256:298b4c7b3cb80765c8703e42b90324a4ece3b6634947b89e769c3c980ab55185"
url = "https://nodejs.org/dist/v24.16.0/node-v24.16.0-darwin-x64.tar.gz"

[tools.node."platforms.windows-x64"]
checksum = "sha256:edaca9bd58ec8e92037dac4e877d52f6b8f430b81c18b57e264b4e2fb111cd56"
url = "https://nodejs.org/dist/v24.16.0/node-v24.16.0-win-x64.zip"

[[tools.trivy]]
version = "0.70.0"
backend = "aqua:aquasecurity/trivy"

[tools.trivy."platforms.linux-arm64"]
checksum = "sha256:2f6bb988b553a1bbac6bdd1ce890f5e412439564e17522b88a4541b4f364fc8d"
url = "https://github.com/aquasecurity/trivy/releases/download/v0.70.0/trivy_0.70.0_Linux-ARM64.tar.gz"
provenance = "cosign"

[tools.trivy."platforms.linux-arm64-musl"]
checksum = "sha256:2f6bb988b553a1bbac6bdd1ce890f5e412439564e17522b88a4541b4f364fc8d"
url = "https://github.com/aquasecurity/trivy/releases/download/v0.70.0/trivy_0.70.0_Linux-ARM64.tar.gz"
provenance = "cosign"

[tools.trivy."platforms.linux-x64"]
checksum = "sha256:8b4376d5d6befe5c24d503f10ff136d9e0c49f9127a4279fd110b727929a5aa9"
url = "https://github.com/aquasecurity/trivy/releases/download/v0.70.0/trivy_0.70.0_Linux-64bit.tar.gz"
provenance = "cosign"

[tools.trivy."platforms.linux-x64-musl"]
checksum = "sha256:8b4376d5d6befe5c24d503f10ff136d9e0c49f9127a4279fd110b727929a5aa9"
url = "https://github.com/aquasecurity/trivy/releases/download/v0.70.0/trivy_0.70.0_Linux-64bit.tar.gz"
provenance = "cosign"

[tools.trivy."platforms.macos-arm64"]
checksum = "sha256:68e543c51dcc96e1c344053a4fde9660cf602c25565d9f09dc17dd41e13b838a"
url = "https://github.com/aquasecurity/trivy/releases/download/v0.70.0/trivy_0.70.0_macOS-ARM64.tar.gz"
provenance = "cosign"

[tools.trivy."platforms.macos-x64"]
checksum = "sha256:52d531452b19e7593da29366007d02a810e1e0080d02f9cf6a1afb46c35aaa93"
url = "https://github.com/aquasecurity/trivy/releases/download/v0.70.0/trivy_0.70.0_macOS-64bit.tar.gz"
provenance = "cosign"

[tools.trivy."platforms.windows-x64"]
checksum = "sha256:eea5442eab86f9e26cd718d7618d43899e72a83767619e8bee47911bddbfb825"
url = "https://github.com/aquasecurity/trivy/releases/download/v0.70.0/trivy_0.70.0_windows-64bit.zip"
provenance = "cosign"
